
Microsoft Visual Studio Solution File, Format Version 12.00
# Visual Studio Version 16
VisualStudioVersion = 16.0.31402.337
MinimumVisualStudioVersion = 10.0.40219.1
Project("{9A19103F-16F7-4668-BE54-9A1E7A4F7556}") = "SignalRChat.Api", "SignalrRChat\SignalRChat.Api.csproj", "{407D437E-E8AE-4F22-84B3-85CA04689702}"
EndProject
Global
	GlobalSection(SolutionConfigurationPlatforms) = preSolution
		Debug|Any CPU = Debug|Any CPU
		Release|Any CPU = Release|Any CPU
	EndGlobalSection
	GlobalSection(ProjectConfigurationPlatforms) = postSolution
		{407D437E-E8AE-4F22-84B3-85CA04689702}.Debug|Any CPU.ActiveCfg = Debug|Any CPU
		{407D437E-E8AE-4F22-84B3-85CA04689702}.Debug|Any CPU.Build.0 = Debug|Any CPU
		{407D437E-E8AE-4F22-84B3-85CA04689702}.Release|Any CPU.ActiveCfg = Release|Any CPU
		{407D437E-E8AE-4F22-84B3-85CA04689702}.Release|Any CPU.Build.0 = Release|Any CPU
	EndGlobalSection
	GlobalSection(SolutionProperties) = preSolution
		HideSolutionNode = FALSE
	EndGlobalSection
	GlobalSection(ExtensibilityGlobals) = postSolution
		SolutionGuid = {CD02CC8D-A404-47A5-9C64-3BD29B365B79}
	EndGlobalSection
EndGlobal
